{
  "nodes": {
    "flake-utils": {
      "locked": {
        "lastModified": 1644229661,
        "narHash": "sha256-1YdnJAsNy69bpcjuoKdOYQX0YxZBiCYZo4Twxerqv7k=",
        "owner": "numtide",
        "repo": "flake-utils",
        "rev": "3cecb5b042f7f209c56ffd8371b2711a290ec797",
        "type": "github"
      },
      "original": {
        "owner": "numtide",
        "repo": "flake-utils",
        "type": "github"
      }
    },
    "flake-utils-plus": {
      "inputs": {
        "flake-utils": "flake-utils"
      },
      "locked": {
        "lastModified": 1657226504,
        "narHash": "sha256-GIYNjuq4mJlFgqKsZ+YrgzWm0IpA4axA3MCrdKYj7gs=",
        "owner": "gytis-ivaskevicius",
        "repo": "flake-utils-plus",
        "rev": "2bf0f91643c2e5ae38c1b26893ac2927ac9bd82a",
        "type": "github"
      },
      "original": {
        "owner": "gytis-ivaskevicius",
        "repo": "flake-utils-plus",
        "type": "github"
      }
    },
    "mc-config": {
      "inputs": {
        "flake-utils-plus": [
          "flake-utils-plus"
        ],
        "minecraft-json": [
          "minecraft-json"
        ],
        "minecraft-nix": [
          "minecraft-nix"
        ],
        "nixpkgs": [
          "nixpkgs"
        ]
      },
      "locked": {
        "lastModified": 1673744075,
        "narHash": "sha256-tFo+04oprjuv/mJed7IxQxLib4cWGDlutE+cHOuKcx4=",
        "owner": "linyinfeng",
        "repo": "mc-config",
        "rev": "529edd6086badf69364904187655779826a13b23",
        "type": "github"
      },
      "original": {
        "owner": "linyinfeng",
        "repo": "mc-config",
        "type": "github"
      }
    },
    "minecraft-json": {
      "inputs": {
        "flake-utils": [
          "flake-utils-plus",
          "flake-utils"
        ],
        "nixpkgs": [
          "nixpkgs"
        ]
      },
      "locked": {
        "lastModified": 1659750597,
        "narHash": "sha256-iX64SWlyd79WVlQyn7BqyODp1tvoNhdqtaJYeeV5Mis=",
        "owner": "ninlives",
        "repo": "minecraft.json",
        "rev": "095514e335a6d0d03bae090cf1b5c0a2602e4fe8",
        "type": "github"
      },
      "original": {
        "owner": "ninlives",
        "repo": "minecraft.json",
        "type": "github"
      }
    },
    "minecraft-nix": {
      "inputs": {
        "flake-utils": [
          "flake-utils-plus",
          "flake-utils"
        ],
        "metadata": [
          "minecraft-json"
        ],
        "nixpkgs": [
          "nixpkgs"
        ]
      },
      "locked": {
        "lastModified": 1660975748,
        "narHash": "sha256-J7WZgx1i9wADjVe2G2h2ZL6RwNIR2a1HYx8q46OfVPk=",
        "owner": "luochen1990",
        "repo": "minecraft.nix",
        "rev": "ffeae420b1d22a478fe227e922a18e7d8a1e8474",
        "type": "github"
      },
      "original": {
        "owner": "luochen1990",
        "ref": "dev",
        "repo": "minecraft.nix",
        "type": "github"
      }
    },
    "nixpkgs": {
      "locked": {
        "lastModified": 1660305968,
        "narHash": "sha256-r0X1pZCSEA6mzt5OuTA7nHuLmvnbkwgpFAh1iLIx4GU=",
        "owner": "NixOS",
        "repo": "nixpkgs",
        "rev": "c4a0efdd5a728e20791b8d8d2f26f90ac228ee8d",
        "type": "github"
      },
      "original": {
        "owner": "NixOS",
        "ref": "nixos-unstable",
        "repo": "nixpkgs",
        "type": "github"
      }
    },
    "root": {
      "inputs": {
        "flake-utils-plus": "flake-utils-plus",
        "mc-config": "mc-config",
        "minecraft-json": "minecraft-json",
        "minecraft-nix": "minecraft-nix",
        "nixpkgs": "nixpkgs"
      }
    }
  },
  "root": "root",
  "version": 7
}
